
Microsoft Visual Studio Solution File, Format Version 12.00
# Visual Studio Version 17
VisualStudioVersion = 17.9.34723.18
MinimumVisualStudioVersion = 10.0.40219.1
Project("{9A19103F-16F7-4668-BE54-9A1E7A4F7556}") = "ServiceUpdate1.GrpcServer", "ServiceUpdate1.GrpcServer\ServiceUpdate1.GrpcServer.csproj", "{C264F256-F004-46C2-9FE0-54E6B59BA0B5}"
EndProject
Project("{9A19103F-16F7-4668-BE54-9A1E7A4F7556}") = "ServiceUpdate1.GrpcClient", "ServiceUpdate1.GrpcClient\ServiceUpdate1.GrpcClient.csproj", "{CA1A97CE-6754-4F7F-9DDB-6F46A8B0CFA6}"
EndProject
Project("{9A19103F-16F7-4668-BE54-9A1E7A4F7556}") = "ServiceUpdate1.WPFServiceUpdater", "ServiceUpdate1.WPFServiceUpdater\ServiceUpdate1.WPFServiceUpdater.csproj", "{CCA30FF9-40E4-4ACF-A05F-49BBD266A4EE}"
EndProject
Project("{9A19103F-16F7-4668-BE54-9A1E7A4F7556}") = "ServiceUpdate1.ServiceHost", "WorkerService1.ServiceHost\ServiceUpdate1.ServiceHost.csproj", "{0C0FE5A8-1CF6-4ECD-B005-8D846C591496}"
EndProject
Global
	GlobalSection(SolutionConfigurationPlatforms) = preSolution
		Debug|Any CPU = Debug|Any CPU
		Release|Any CPU = Release|Any CPU
	EndGlobalSection
	GlobalSection(ProjectConfigurationPlatforms) = postSolution
		{C264F256-F004-46C2-9FE0-54E6B59BA0B5}.Debug|Any CPU.ActiveCfg = Debug|Any CPU
		{C264F256-F004-46C2-9FE0-54E6B59BA0B5}.Debug|Any CPU.Build.0 = Debug|Any CPU
		{C264F256-F004-46C2-9FE0-54E6B59BA0B5}.Release|Any CPU.ActiveCfg = Release|Any CPU
		{C264F256-F004-46C2-9FE0-54E6B59BA0B5}.Release|Any CPU.Build.0 = Release|Any CPU
		{CA1A97CE-6754-4F7F-9DDB-6F46A8B0CFA6}.Debug|Any CPU.ActiveCfg = Debug|Any CPU
		{CA1A97CE-6754-4F7F-9DDB-6F46A8B0CFA6}.Debug|Any CPU.Build.0 = Debug|Any CPU
		{CA1A97CE-6754-4F7F-9DDB-6F46A8B0CFA6}.Release|Any CPU.ActiveCfg = Release|Any CPU
		{CA1A97CE-6754-4F7F-9DDB-6F46A8B0CFA6}.Release|Any CPU.Build.0 = Release|Any CPU
		{CCA30FF9-40E4-4ACF-A05F-49BBD266A4EE}.Debug|Any CPU.ActiveCfg = Debug|Any CPU
		{CCA30FF9-40E4-4ACF-A05F-49BBD266A4EE}.Debug|Any CPU.Build.0 = Debug|Any CPU
		{CCA30FF9-40E4-4ACF-A05F-49BBD266A4EE}.Release|Any CPU.ActiveCfg = Release|Any CPU
		{CCA30FF9-40E4-4ACF-A05F-49BBD266A4EE}.Release|Any CPU.Build.0 = Release|Any CPU
		{0C0FE5A8-1CF6-4ECD-B005-8D846C591496}.Debug|Any CPU.ActiveCfg = Debug|Any CPU
		{0C0FE5A8-1CF6-4ECD-B005-8D846C591496}.Debug|Any CPU.Build.0 = Debug|Any CPU
		{0C0FE5A8-1CF6-4ECD-B005-8D846C591496}.Release|Any CPU.ActiveCfg = Release|Any CPU
		{0C0FE5A8-1CF6-4ECD-B005-8D846C591496}.Release|Any CPU.Build.0 = Release|Any CPU
	EndGlobalSection
	GlobalSection(SolutionProperties) = preSolution
		HideSolutionNode = FALSE
	EndGlobalSection
	GlobalSection(ExtensibilityGlobals) = postSolution
		SolutionGuid = {CB4FBF2C-41EB-4197-8A08-5879C5A78342}
	EndGlobalSection
EndGlobal
